
Microsoft Visual Studio Solution File, Format Version 12.00
# Visual Studio Version 17
VisualStudioVersion = 17.2.32630.192
MinimumVisualStudioVersion = 10.0.40219.1
Project("{FAE04EC0-301F-11D3-BF4B-00C04F79EFBC}") = "AlphabetFormatDeckChecker", "AlphabetFormatDeckChecker.csproj", "{B129F9AB-D7FC-4AB8-A790-DB88909F378C}"
EndProject
Global
	GlobalSection(SolutionConfigurationPlatforms) = preSolution
		Debug|Any CPU = Debug|Any CPU
		Release|Any CPU = Release|Any CPU
	EndGlobalSection
	GlobalSection(ProjectConfigurationPlatforms) = postSolution
		{B129F9AB-D7FC-4AB8-A790-DB88909F378C}.Debug|Any CPU.ActiveCfg = Debug|Any CPU
		{B129F9AB-D7FC-4AB8-A790-DB88909F378C}.Debug|Any CPU.Build.0 = Debug|Any CPU
		{B129F9AB-D7FC-4AB8-A790-DB88909F378C}.Release|Any CPU.ActiveCfg = Release|Any CPU
		{B129F9AB-D7FC-4AB8-A790-DB88909F378C}.Release|Any CPU.Build.0 = Release|Any CPU
	EndGlobalSection
	GlobalSection(SolutionProperties) = preSolution
		HideSolutionNode = FALSE
	EndGlobalSection
	GlobalSection(ExtensibilityGlobals) = postSolution
		SolutionGuid = {2E8397EE-B22B-4753-BF01-E3D6991F1160}
	EndGlobalSection
EndGlobal
